
Microsoft Visual Studio Solution File, Format Version 12.00
# Visual Studio 15
VisualStudioVersion = 15.0.28307.271
MinimumVisualStudioVersion = 10.0.40219.1
Project("{8BC9CEB8-8B4A-11D0-8D11-00A0C91BC942}") = "ASAL_ÇARPANLARA_AYIRMA", "ASAL_ÇARPANLARA_AYIRMA\ASAL_ÇARPANLARA_AYIRMA.vcxproj", "{AC48D627-6740-49DC-8FB7-A9469D733042}"
EndProject
Global
	GlobalSection(SolutionConfigurationPlatforms) = preSolution
		Debug|x64 = Debug|x64
		Debug|x86 = Debug|x86
		Release|x64 = Release|x64
		Release|x86 = Release|x86
	EndGlobalSection
	GlobalSection(ProjectConfigurationPlatforms) = postSolution
		{AC48D627-6740-49DC-8FB7-A9469D733042}.Debug|x64.ActiveCfg = Debug|x64
		{AC48D627-6740-49DC-8FB7-A9469D733042}.Debug|x64.Build.0 = Debug|x64
		{AC48D627-6740-49DC-8FB7-A9469D733042}.Debug|x86.ActiveCfg = Debug|Win32
		{AC48D627-6740-49DC-8FB7-A9469D733042}.Debug|x86.Build.0 = Debug|Win32
		{AC48D627-6740-49DC-8FB7-A9469D733042}.Release|x64.ActiveCfg = Release|x64
		{AC48D627-6740-49DC-8FB7-A9469D733042}.Release|x64.Build.0 = Release|x64
		{AC48D627-6740-49DC-8FB7-A9469D733042}.Release|x86.ActiveCfg = Release|Win32
		{AC48D627-6740-49DC-8FB7-A9469D733042}.Release|x86.Build.0 = Release|Win32
	EndGlobalSection
	GlobalSection(SolutionProperties) = preSolution
		HideSolutionNode = FALSE
	EndGlobalSection
	GlobalSection(ExtensibilityGlobals) = postSolution
		SolutionGuid = {DEACD08F-F964-425C-9CC3-96C2F8B801AB}
	EndGlobalSection
EndGlobal
