
Microsoft Visual Studio Solution File, Format Version 12.00
# Visual Studio 15
VisualStudioVersion = 15.0.28307.271
MinimumVisualStudioVersion = 10.0.40219.1
Project("{8BC9CEB8-8B4A-11D0-8D11-00A0C91BC942}") = "ALAN_HESAPLAMA", "ALAN_HESAPLAMA\ALAN_HESAPLAMA.vcxproj", "{1CABEA8D-2300-4948-A390-7C47BEB1A9BE}"
EndProject
Global
	GlobalSection(SolutionConfigurationPlatforms) = preSolution
		Debug|x64 = Debug|x64
		Debug|x86 = Debug|x86
		Release|x64 = Release|x64
		Release|x86 = Release|x86
	EndGlobalSection
	GlobalSection(ProjectConfigurationPlatforms) = postSolution
		{1CABEA8D-2300-4948-A390-7C47BEB1A9BE}.Debug|x64.ActiveCfg = Debug|x64
		{1CABEA8D-2300-4948-A390-7C47BEB1A9BE}.Debug|x64.Build.0 = Debug|x64
		{1CABEA8D-2300-4948-A390-7C47BEB1A9BE}.Debug|x86.ActiveCfg = Debug|Win32
		{1CABEA8D-2300-4948-A390-7C47BEB1A9BE}.Debug|x86.Build.0 = Debug|Win32
		{1CABEA8D-2300-4948-A390-7C47BEB1A9BE}.Release|x64.ActiveCfg = Release|x64
		{1CABEA8D-2300-4948-A390-7C47BEB1A9BE}.Release|x64.Build.0 = Release|x64
		{1CABEA8D-2300-4948-A390-7C47BEB1A9BE}.Release|x86.ActiveCfg = Release|Win32
		{1CABEA8D-2300-4948-A390-7C47BEB1A9BE}.Release|x86.Build.0 = Release|Win32
	EndGlobalSection
	GlobalSection(SolutionProperties) = preSolution
		HideSolutionNode = FALSE
	EndGlobalSection
	GlobalSection(ExtensibilityGlobals) = postSolution
		SolutionGuid = {8FF37D80-A3A4-4DE3-86A9-D3ABBF02A3B0}
	EndGlobalSection
EndGlobal
